
Microsoft Visual Studio Solution File, Format Version 12.00
# Visual Studio Version 16
VisualStudioVersion = 16.0.810.9
MinimumVisualStudioVersion = 10.0.40219.1
Project("{FAE04EC0-301F-11D3-BF4B-00C04F79EFBC}") = "studio1_solution", "studio1_solution\studio1_solution.csproj", "{05312BCC-91C8-4695-8405-C109E8E23154}"
EndProject
Global
	GlobalSection(SolutionConfigurationPlatforms) = preSolution
		Debug|Any CPU = Debug|Any CPU
		Release|Any CPU = Release|Any CPU
	EndGlobalSection
	GlobalSection(ProjectConfigurationPlatforms) = postSolution
		{05312BCC-91C8-4695-8405-C109E8E23154}.Debug|Any CPU.ActiveCfg = Debug|Any CPU
		{05312BCC-91C8-4695-8405-C109E8E23154}.Debug|Any CPU.Build.0 = Debug|Any CPU
		{05312BCC-91C8-4695-8405-C109E8E23154}.Release|Any CPU.ActiveCfg = Release|Any CPU
		{05312BCC-91C8-4695-8405-C109E8E23154}.Release|Any CPU.Build.0 = Release|Any CPU
	EndGlobalSection
	GlobalSection(SolutionProperties) = preSolution
		HideSolutionNode = FALSE
	EndGlobalSection
	GlobalSection(ExtensibilityGlobals) = postSolution
		SolutionGuid = {DD5314F0-137A-4D98-8F19-60101EA1B977}
	EndGlobalSection
EndGlobal
